
Microsoft Visual Studio Solution File, Format Version 12.00
# Visual Studio Version 17
VisualStudioVersion = 17.13.35931.197 d17.13
MinimumVisualStudioVersion = 10.0.40219.1
Project("{FAE04EC0-301F-11D3-BF4B-00C04F79EFBC}") = "FormsPatos", "FormsPatos\FormsPatos.csproj", "{8612CD0F-FCDF-4689-825B-69E47B877CC4}"
EndProject
Global
	GlobalSection(SolutionConfigurationPlatforms) = preSolution
		Debug|Any CPU = Debug|Any CPU
		Release|Any CPU = Release|Any CPU
	EndGlobalSection
	GlobalSection(ProjectConfigurationPlatforms) = postSolution
		{8612CD0F-FCDF-4689-825B-69E47B877CC4}.Debug|Any CPU.ActiveCfg = Debug|Any CPU
		{8612CD0F-FCDF-4689-825B-69E47B877CC4}.Debug|Any CPU.Build.0 = Debug|Any CPU
		{8612CD0F-FCDF-4689-825B-69E47B877CC4}.Release|Any CPU.ActiveCfg = Release|Any CPU
		{8612CD0F-FCDF-4689-825B-69E47B877CC4}.Release|Any CPU.Build.0 = Release|Any CPU
	EndGlobalSection
	GlobalSection(SolutionProperties) = preSolution
		HideSolutionNode = FALSE
	EndGlobalSection
	GlobalSection(ExtensibilityGlobals) = postSolution
		SolutionGuid = {F130CC3F-137D-4B45-BBB0-9E51A6E47C2D}
	EndGlobalSection
EndGlobal
